
Microsoft Visual Studio Solution File, Format Version 12.00
# Visual Studio Version 17
VisualStudioVersion = 17.0.31903.59
MinimumVisualStudioVersion = 10.0.40219.1
Project("{2150E333-8FDC-42A3-9474-1A3956D46DE8}") = "src", "src", "{4C35732B-90A3-4996-AC7C-240B26861079}"
EndProject
Project("{FAE04EC0-301F-11D3-BF4B-00C04F79EFBC}") = "Gleeman.JwtGenerator", "src\Gleeman.JwtGenerator\Gleeman.JwtGenerator.csproj", "{30E0BEE5-D352-44A8-B091-5209B22F3AA9}"
EndProject
Project("{2150E333-8FDC-42A3-9474-1A3956D46DE8}") = "example", "example", "{4E3EAD47-CC99-4644-8AED-238EE96ADFDF}"
EndProject
Project("{FAE04EC0-301F-11D3-BF4B-00C04F79EFBC}") = "Gleeman.JwtGenerator.Example.Api", "example\Gleeman.JwtGenerator.Example.Api\Gleeman.JwtGenerator.Example.Api.csproj", "{808C5D02-2A62-4305-B1F1-688F6589C640}"
EndProject
Global
	GlobalSection(SolutionConfigurationPlatforms) = preSolution
		Debug|Any CPU = Debug|Any CPU
		Release|Any CPU = Release|Any CPU
	EndGlobalSection
	GlobalSection(ProjectConfigurationPlatforms) = postSolution
		{30E0BEE5-D352-44A8-B091-5209B22F3AA9}.Debug|Any CPU.ActiveCfg = Debug|Any CPU
		{30E0BEE5-D352-44A8-B091-5209B22F3AA9}.Debug|Any CPU.Build.0 = Debug|Any CPU
		{30E0BEE5-D352-44A8-B091-5209B22F3AA9}.Release|Any CPU.ActiveCfg = Release|Any CPU
		{30E0BEE5-D352-44A8-B091-5209B22F3AA9}.Release|Any CPU.Build.0 = Release|Any CPU
		{808C5D02-2A62-4305-B1F1-688F6589C640}.Debug|Any CPU.ActiveCfg = Debug|Any CPU
		{808C5D02-2A62-4305-B1F1-688F6589C640}.Debug|Any CPU.Build.0 = Debug|Any CPU
		{808C5D02-2A62-4305-B1F1-688F6589C640}.Release|Any CPU.ActiveCfg = Release|Any CPU
		{808C5D02-2A62-4305-B1F1-688F6589C640}.Release|Any CPU.Build.0 = Release|Any CPU
	EndGlobalSection
	GlobalSection(SolutionProperties) = preSolution
		HideSolutionNode = FALSE
	EndGlobalSection
	GlobalSection(NestedProjects) = preSolution
		{30E0BEE5-D352-44A8-B091-5209B22F3AA9} = {4C35732B-90A3-4996-AC7C-240B26861079}
		{808C5D02-2A62-4305-B1F1-688F6589C640} = {4E3EAD47-CC99-4644-8AED-238EE96ADFDF}
	EndGlobalSection
	GlobalSection(ExtensibilityGlobals) = postSolution
		SolutionGuid = {1180A3B4-BC48-48A9-BCDC-A1E75F5B1991}
	EndGlobalSection
EndGlobal
